
Microsoft Visual Studio Solution File, Format Version 12.00
# Visual Studio Version 17
VisualStudioVersion = 17.8.34511.84
MinimumVisualStudioVersion = 10.0.40219.1
Project("{FAE04EC0-301F-11D3-BF4B-00C04F79EFBC}") = "PROYECTO", "PROYECTO\PROYECTO.csproj", "{7271704F-735C-48E7-B5E8-BDA30BB59478}"
EndProject
Project("{FAE04EC0-301F-11D3-BF4B-00C04F79EFBC}") = "Data", "Data\Data.csproj", "{760B9725-37D4-403D-A807-10161835703F}"
EndProject
Project("{FAE04EC0-301F-11D3-BF4B-00C04F79EFBC}") = "Business", "Business\Business.csproj", "{BAB191F3-990E-4C87-85D5-EFD6147B0822}"
EndProject
Global
	GlobalSection(SolutionConfigurationPlatforms) = preSolution
		Debug|Any CPU = Debug|Any CPU
		Release|Any CPU = Release|Any CPU
	EndGlobalSection
	GlobalSection(ProjectConfigurationPlatforms) = postSolution
		{7271704F-735C-48E7-B5E8-BDA30BB59478}.Debug|Any CPU.ActiveCfg = Debug|Any CPU
		{7271704F-735C-48E7-B5E8-BDA30BB59478}.Debug|Any CPU.Build.0 = Debug|Any CPU
		{7271704F-735C-48E7-B5E8-BDA30BB59478}.Release|Any CPU.ActiveCfg = Release|Any CPU
		{7271704F-735C-48E7-B5E8-BDA30BB59478}.Release|Any CPU.Build.0 = Release|Any CPU
		{760B9725-37D4-403D-A807-10161835703F}.Debug|Any CPU.ActiveCfg = Debug|Any CPU
		{760B9725-37D4-403D-A807-10161835703F}.Debug|Any CPU.Build.0 = Debug|Any CPU
		{760B9725-37D4-403D-A807-10161835703F}.Release|Any CPU.ActiveCfg = Release|Any CPU
		{760B9725-37D4-403D-A807-10161835703F}.Release|Any CPU.Build.0 = Release|Any CPU
		{BAB191F3-990E-4C87-85D5-EFD6147B0822}.Debug|Any CPU.ActiveCfg = Debug|Any CPU
		{BAB191F3-990E-4C87-85D5-EFD6147B0822}.Debug|Any CPU.Build.0 = Debug|Any CPU
		{BAB191F3-990E-4C87-85D5-EFD6147B0822}.Release|Any CPU.ActiveCfg = Release|Any CPU
		{BAB191F3-990E-4C87-85D5-EFD6147B0822}.Release|Any CPU.Build.0 = Release|Any CPU
	EndGlobalSection
	GlobalSection(SolutionProperties) = preSolution
		HideSolutionNode = FALSE
	EndGlobalSection
	GlobalSection(ExtensibilityGlobals) = postSolution
		SolutionGuid = {D13C69E5-E71A-4120-A15C-DC8C3FF09458}
	EndGlobalSection
EndGlobal
